
Microsoft Visual Studio Solution File, Format Version 12.00
# Visual Studio Version 16
VisualStudioVersion = 16.0.33529.622
MinimumVisualStudioVersion = 10.0.40219.1
Project("{FAE04EC0-301F-11D3-BF4B-00C04F79EFBC}") = "GrblController", "GrblController.csproj", "{DE324415-279A-43A8-BB9F-7363A74ADA87}"
EndProject
Global
	GlobalSection(SolutionConfigurationPlatforms) = preSolution
		Debug|Any CPU = Debug|Any CPU
		Release|Any CPU = Release|Any CPU
	EndGlobalSection
	GlobalSection(ProjectConfigurationPlatforms) = postSolution
		{DE324415-279A-43A8-BB9F-7363A74ADA87}.Debug|Any CPU.ActiveCfg = Debug|Any CPU
		{DE324415-279A-43A8-BB9F-7363A74ADA87}.Debug|Any CPU.Build.0 = Debug|Any CPU
		{DE324415-279A-43A8-BB9F-7363A74ADA87}.Release|Any CPU.ActiveCfg = Release|Any CPU
		{DE324415-279A-43A8-BB9F-7363A74ADA87}.Release|Any CPU.Build.0 = Release|Any CPU
	EndGlobalSection
	GlobalSection(SolutionProperties) = preSolution
		HideSolutionNode = FALSE
	EndGlobalSection
	GlobalSection(ExtensibilityGlobals) = postSolution
		SolutionGuid = {86BE7DF9-4D60-4E43-8872-93761593B1EB}
	EndGlobalSection
EndGlobal
